
Microsoft Visual Studio Solution File, Format Version 12.00
# Visual Studio Version 17
VisualStudioVersion = 17.5.002.0
MinimumVisualStudioVersion = 10.0.40219.1
Project("{9A19103F-16F7-4668-BE54-9A1E7A4F7556}") = "DesafioFundamentos", "DesafioFundamentos.csproj", "{B3E62174-2946-4F7D-BD49-C2DB07DD0409}"
EndProject
Global
	GlobalSection(SolutionConfigurationPlatforms) = preSolution
		Debug|Any CPU = Debug|Any CPU
		Release|Any CPU = Release|Any CPU
	EndGlobalSection
	GlobalSection(ProjectConfigurationPlatforms) = postSolution
		{B3E62174-2946-4F7D-BD49-C2DB07DD0409}.Debug|Any CPU.ActiveCfg = Debug|Any CPU
		{B3E62174-2946-4F7D-BD49-C2DB07DD0409}.Debug|Any CPU.Build.0 = Debug|Any CPU
		{B3E62174-2946-4F7D-BD49-C2DB07DD0409}.Release|Any CPU.ActiveCfg = Release|Any CPU
		{B3E62174-2946-4F7D-BD49-C2DB07DD0409}.Release|Any CPU.Build.0 = Release|Any CPU
	EndGlobalSection
	GlobalSection(SolutionProperties) = preSolution
		HideSolutionNode = FALSE
	EndGlobalSection
	GlobalSection(ExtensibilityGlobals) = postSolution
		SolutionGuid = {F3DBF6CA-8B4B-44FA-8EBC-72AC067D31D5}
	EndGlobalSection
EndGlobal
